
Microsoft Visual Studio Solution File, Format Version 12.00
# Visual Studio Version 17
VisualStudioVersion = 17.3.32825.248
MinimumVisualStudioVersion = 10.0.40219.1
Project("{2150E333-8FDC-42A3-9474-1A3956D46DE8}") = "TestProjects", "TestProjects", "{9007DD22-50A2-4904-8FFC-9ADB4CBE1975}"
EndProject
Project("{2150E333-8FDC-42A3-9474-1A3956D46DE8}") = "LibraryProjects", "LibraryProjects", "{19E6EFC0-DE93-408F-9874-7937CCD42B3D}"
EndProject
Project("{2150E333-8FDC-42A3-9474-1A3956D46DE8}") = "WPFProjects", "WPFProjects", "{7A0EF2CE-69EF-43F5-A9C1-79F57160BD01}"
EndProject
Project("{2150E333-8FDC-42A3-9474-1A3956D46DE8}") = "FirstTerm", "FirstTerm", "{E64CB7CD-73BE-453B-9341-91F678134B0C}"
EndProject
Project("{2150E333-8FDC-42A3-9474-1A3956D46DE8}") = "SecondTerm", "SecondTerm", "{94D9EB79-6B34-49B9-88FF-60F47D6B9F98}"
EndProject
Project("{FAE04EC0-301F-11D3-BF4B-00C04F79EFBC}") = "TheMovies", "SecondTerm\TheMovies\TheMovies.csproj", "{DB76A81A-495B-42DB-B767-49516B38F4F8}"
EndProject
Project("{9A19103F-16F7-4668-BE54-9A1E7A4F7556}") = "ExerciseFlowLib", "FirstTerm\LibraryProjects\ExerciseFlowLib\ExerciseFlowLib.csproj", "{34C12340-A2A2-46D4-9678-F5683A3D300D}"
EndProject
Project("{9A19103F-16F7-4668-BE54-9A1E7A4F7556}") = "TotallySafeLib", "FirstTerm\LibraryProjects\TotallySafeLib\TotallySafeLib.csproj", "{2B5C09C8-DE95-408C-8CA2-ACD720483A84}"
EndProject
Project("{9A19103F-16F7-4668-BE54-9A1E7A4F7556}") = "ADT", "FirstTerm\ADT\ADT.csproj", "{816C386C-8FDA-413E-85F5-4CE33F6954A9}"
EndProject
Project("{9A19103F-16F7-4668-BE54-9A1E7A4F7556}") = "ADTTestProject", "FirstTerm\TestProjects\ADTTestProject\ADTTestProject.csproj", "{0E3FB919-7BA4-477A-8BE5-A5F0C1BC47A8}"
EndProject
Project("{9A19103F-16F7-4668-BE54-9A1E7A4F7556}") = "CalculatorTestProject", "FirstTerm\TestProjects\CalculatorTestProject\CalculatorTestProject.csproj", "{9C1014FB-3A8B-4A57-A543-E11BD954852D}"
EndProject
Project("{9A19103F-16F7-4668-BE54-9A1E7A4F7556}") = "DelegatesTestProject", "FirstTerm\TestProjects\DelegatesTestProject\DelegatesTestProject.csproj", "{DCC055C3-A8D3-472A-8534-CE48E86ED9D5}"
EndProject
Project("{9A19103F-16F7-4668-BE54-9A1E7A4F7556}") = "DisaheimTestProject", "FirstTerm\TestProjects\DisaheimTestProject\DisaheimTestProject.csproj", "{12E2034F-E8A6-4215-B055-B7C3A5B0497A}"
EndProject
Project("{9A19103F-16F7-4668-BE54-9A1E7A4F7556}") = "ObserverPatternTestProject", "FirstTerm\TestProjects\ObserverPatternTestProject\ObserverPatternTestProject.csproj", "{315DC204-C747-4826-95FD-2BEBAAE5ABE0}"
EndProject
Project("{9A19103F-16F7-4668-BE54-9A1E7A4F7556}") = "OrangeTreeTestProject", "FirstTerm\TestProjects\OrangeTreeTestProject\OrangeTreeTestProject.csproj", "{3CB3058F-B8BD-4934-B1EB-1C36A72E37DF}"
EndProject
Project("{9A19103F-16F7-4668-BE54-9A1E7A4F7556}") = "PersistenceTestProject", "FirstTerm\TestProjects\PersistenceTestProject\PersistenceTestProject.csproj", "{2F935A9C-FD9B-444C-BA89-DBFB7B373A0A}"
EndProject
Project("{9A19103F-16F7-4668-BE54-9A1E7A4F7556}") = "SimpleBankTest", "FirstTerm\TestProjects\SimpleBankTest\SimpleBankTest.csproj", "{A2E3C1EB-81F0-4A21-9E89-33F5E4772975}"
EndProject
Project("{9A19103F-16F7-4668-BE54-9A1E7A4F7556}") = "TheHundredAcreWoodTestProject", "FirstTerm\TestProjects\TheHundredAcreWoodTestProject\TheHundredAcreWoodTestProject.csproj", "{B1E3BCB5-69B9-4EC0-A4AE-F7A7AC633093}"
EndProject
Project("{9A19103F-16F7-4668-BE54-9A1E7A4F7556}") = "TusindfrydWPF", "FirstTerm\WPFProjects\TusindfrydWPF\TusindfrydWPF.csproj", "{2522AEF1-0D21-4D01-9561-E7C5AA1FEC81}"
EndProject
Project("{9A19103F-16F7-4668-BE54-9A1E7A4F7556}") = "WPFAndMVVM1", "FirstTerm\WPFProjects\WPFAndMVVM1\WPFAndMVVM1.csproj", "{310B913A-1A2E-4048-B6CE-EF1794139652}"
EndProject
Project("{9A19103F-16F7-4668-BE54-9A1E7A4F7556}") = "WPFAndMVVM2", "FirstTerm\WPFProjects\WPFAndMVVM2\WPFAndMVVM2.csproj", "{B9B374BC-02B2-4F5D-81FA-FB82FC5E797F}"
EndProject
Project("{9A19103F-16F7-4668-BE54-9A1E7A4F7556}") = "WPFCommandBinding", "FirstTerm\WPFProjects\WPFCommandBinding\WPFCommandBinding.csproj", "{40A7082A-9A1B-4A6A-BC2F-A213AB7206A5}"
EndProject
Project("{9A19103F-16F7-4668-BE54-9A1E7A4F7556}") = "WPFInteractiveGUI", "FirstTerm\WPFProjects\WPFInteractiveGUI\WPFInteractiveGUI.csproj", "{B238DC0E-8744-42E1-B60F-CF1D499A2E6F}"
EndProject
Project("{9A19103F-16F7-4668-BE54-9A1E7A4F7556}") = "WPFSimpleGUI", "FirstTerm\WPFProjects\WPFSimpleGUI\WPFSimpleGUI.csproj", "{39AF0CA1-BA23-4048-9612-8AD20F7DA8CC}"
EndProject
Project("{9A19103F-16F7-4668-BE54-9A1E7A4F7556}") = "ExerciseProject", "FirstTerm\ExerciseProject\ExerciseProject.csproj", "{C9C3806E-E878-4223-8639-14D3788D8EC1}"
EndProject
Global
	GlobalSection(SolutionConfigurationPlatforms) = preSolution
		Debug|Any CPU = Debug|Any CPU
		Release|Any CPU = Release|Any CPU
	EndGlobalSection
	GlobalSection(ProjectConfigurationPlatforms) = postSolution
		{DB76A81A-495B-42DB-B767-49516B38F4F8}.Debug|Any CPU.ActiveCfg = Debug|Any CPU
		{DB76A81A-495B-42DB-B767-49516B38F4F8}.Debug|Any CPU.Build.0 = Debug|Any CPU
		{DB76A81A-495B-42DB-B767-49516B38F4F8}.Release|Any CPU.ActiveCfg = Release|Any CPU
		{DB76A81A-495B-42DB-B767-49516B38F4F8}.Release|Any CPU.Build.0 = Release|Any CPU
		{34C12340-A2A2-46D4-9678-F5683A3D300D}.Debug|Any CPU.ActiveCfg = Debug|Any CPU
		{34C12340-A2A2-46D4-9678-F5683A3D300D}.Debug|Any CPU.Build.0 = Debug|Any CPU
		{34C12340-A2A2-46D4-9678-F5683A3D300D}.Release|Any CPU.ActiveCfg = Release|Any CPU
		{34C12340-A2A2-46D4-9678-F5683A3D300D}.Release|Any CPU.Build.0 = Release|Any CPU
		{2B5C09C8-DE95-408C-8CA2-ACD720483A84}.Debug|Any CPU.ActiveCfg = Debug|Any CPU
		{2B5C09C8-DE95-408C-8CA2-ACD720483A84}.Debug|Any CPU.Build.0 = Debug|Any CPU
		{2B5C09C8-DE95-408C-8CA2-ACD720483A84}.Release|Any CPU.ActiveCfg = Release|Any CPU
		{2B5C09C8-DE95-408C-8CA2-ACD720483A84}.Release|Any CPU.Build.0 = Release|Any CPU
		{816C386C-8FDA-413E-85F5-4CE33F6954A9}.Debug|Any CPU.ActiveCfg = Debug|Any CPU
		{816C386C-8FDA-413E-85F5-4CE33F6954A9}.Debug|Any CPU.Build.0 = Debug|Any CPU
		{816C386C-8FDA-413E-85F5-4CE33F6954A9}.Release|Any CPU.ActiveCfg = Release|Any CPU
		{816C386C-8FDA-413E-85F5-4CE33F6954A9}.Release|Any CPU.Build.0 = Release|Any CPU
		{0E3FB919-7BA4-477A-8BE5-A5F0C1BC47A8}.Debug|Any CPU.ActiveCfg = Debug|Any CPU
		{0E3FB919-7BA4-477A-8BE5-A5F0C1BC47A8}.Debug|Any CPU.Build.0 = Debug|Any CPU
		{0E3FB919-7BA4-477A-8BE5-A5F0C1BC47A8}.Release|Any CPU.ActiveCfg = Release|Any CPU
		{0E3FB919-7BA4-477A-8BE5-A5F0C1BC47A8}.Release|Any CPU.Build.0 = Release|Any CPU
		{9C1014FB-3A8B-4A57-A543-E11BD954852D}.Debug|Any CPU.ActiveCfg = Debug|Any CPU
		{9C1014FB-3A8B-4A57-A543-E11BD954852D}.Debug|Any CPU.Build.0 = Debug|Any CPU
		{9C1014FB-3A8B-4A57-A543-E11BD954852D}.Release|Any CPU.ActiveCfg = Release|Any CPU
		{9C1014FB-3A8B-4A57-A543-E11BD954852D}.Release|Any CPU.Build.0 = Release|Any CPU
		{DCC055C3-A8D3-472A-8534-CE48E86ED9D5}.Debug|Any CPU.ActiveCfg = Debug|Any CPU
		{DCC055C3-A8D3-472A-8534-CE48E86ED9D5}.Debug|Any CPU.Build.0 = Debug|Any CPU
		{DCC055C3-A8D3-472A-8534-CE48E86ED9D5}.Release|Any CPU.ActiveCfg = Release|Any CPU
		{DCC055C3-A8D3-472A-8534-CE48E86ED9D5}.Release|Any CPU.Build.0 = Release|Any CPU
		{12E2034F-E8A6-4215-B055-B7C3A5B0497A}.Debug|Any CPU.ActiveCfg = Debug|Any CPU
		{12E2034F-E8A6-4215-B055-B7C3A5B0497A}.Debug|Any CPU.Build.0 = Debug|Any CPU
		{12E2034F-E8A6-4215-B055-B7C3A5B0497A}.Release|Any CPU.ActiveCfg = Release|Any CPU
		{12E2034F-E8A6-4215-B055-B7C3A5B0497A}.Release|Any CPU.Build.0 = Release|Any CPU
		{315DC204-C747-4826-95FD-2BEBAAE5ABE0}.Debug|Any CPU.ActiveCfg = Debug|Any CPU
		{315DC204-C747-4826-95FD-2BEBAAE5ABE0}.Debug|Any CPU.Build.0 = Debug|Any CPU
		{315DC204-C747-4826-95FD-2BEBAAE5ABE0}.Release|Any CPU.ActiveCfg = Release|Any CPU
		{315DC204-C747-4826-95FD-2BEBAAE5ABE0}.Release|Any CPU.Build.0 = Release|Any CPU
		{3CB3058F-B8BD-4934-B1EB-1C36A72E37DF}.Debug|Any CPU.ActiveCfg = Debug|Any CPU
		{3CB3058F-B8BD-4934-B1EB-1C36A72E37DF}.Debug|Any CPU.Build.0 = Debug|Any CPU
		{3CB3058F-B8BD-4934-B1EB-1C36A72E37DF}.Release|Any CPU.ActiveCfg = Release|Any CPU
		{3CB3058F-B8BD-4934-B1EB-1C36A72E37DF}.Release|Any CPU.Build.0 = Release|Any CPU
		{2F935A9C-FD9B-444C-BA89-DBFB7B373A0A}.Debug|Any CPU.ActiveCfg = Debug|Any CPU
		{2F935A9C-FD9B-444C-BA89-DBFB7B373A0A}.Debug|Any CPU.Build.0 = Debug|Any CPU
		{2F935A9C-FD9B-444C-BA89-DBFB7B373A0A}.Release|Any CPU.ActiveCfg = Release|Any CPU
		{2F935A9C-FD9B-444C-BA89-DBFB7B373A0A}.Release|Any CPU.Build.0 = Release|Any CPU
		{A2E3C1EB-81F0-4A21-9E89-33F5E4772975}.Debug|Any CPU.ActiveCfg = Debug|Any CPU
		{A2E3C1EB-81F0-4A21-9E89-33F5E4772975}.Debug|Any CPU.Build.0 = Debug|Any CPU
		{A2E3C1EB-81F0-4A21-9E89-33F5E4772975}.Release|Any CPU.ActiveCfg = Release|Any CPU
		{A2E3C1EB-81F0-4A21-9E89-33F5E4772975}.Release|Any CPU.Build.0 = Release|Any CPU
		{B1E3BCB5-69B9-4EC0-A4AE-F7A7AC633093}.Debug|Any CPU.ActiveCfg = Debug|Any CPU
		{B1E3BCB5-69B9-4EC0-A4AE-F7A7AC633093}.Debug|Any CPU.Build.0 = Debug|Any CPU
		{B1E3BCB5-69B9-4EC0-A4AE-F7A7AC633093}.Release|Any CPU.ActiveCfg = Release|Any CPU
		{B1E3BCB5-69B9-4EC0-A4AE-F7A7AC633093}.Release|Any CPU.Build.0 = Release|Any CPU
		{2522AEF1-0D21-4D01-9561-E7C5AA1FEC81}.Debug|Any CPU.ActiveCfg = Debug|Any CPU
		{2522AEF1-0D21-4D01-9561-E7C5AA1FEC81}.Debug|Any CPU.Build.0 = Debug|Any CPU
		{2522AEF1-0D21-4D01-9561-E7C5AA1FEC81}.Release|Any CPU.ActiveCfg = Release|Any CPU
		{2522AEF1-0D21-4D01-9561-E7C5AA1FEC81}.Release|Any CPU.Build.0 = Release|Any CPU
		{310B913A-1A2E-4048-B6CE-EF1794139652}.Debug|Any CPU.ActiveCfg = Debug|Any CPU
		{310B913A-1A2E-4048-B6CE-EF1794139652}.Debug|Any CPU.Build.0 = Debug|Any CPU
		{310B913A-1A2E-4048-B6CE-EF1794139652}.Release|Any CPU.ActiveCfg = Release|Any CPU
		{310B913A-1A2E-4048-B6CE-EF1794139652}.Release|Any CPU.Build.0 = Release|Any CPU
		{B9B374BC-02B2-4F5D-81FA-FB82FC5E797F}.Debug|Any CPU.ActiveCfg = Debug|Any CPU
		{B9B374BC-02B2-4F5D-81FA-FB82FC5E797F}.Debug|Any CPU.Build.0 = Debug|Any CPU
		{B9B374BC-02B2-4F5D-81FA-FB82FC5E797F}.Release|Any CPU.ActiveCfg = Release|Any CPU
		{B9B374BC-02B2-4F5D-81FA-FB82FC5E797F}.Release|Any CPU.Build.0 = Release|Any CPU
		{40A7082A-9A1B-4A6A-BC2F-A213AB7206A5}.Debug|Any CPU.ActiveCfg = Debug|Any CPU
		{40A7082A-9A1B-4A6A-BC2F-A213AB7206A5}.Debug|Any CPU.Build.0 = Debug|Any CPU
		{40A7082A-9A1B-4A6A-BC2F-A213AB7206A5}.Release|Any CPU.ActiveCfg = Release|Any CPU
		{40A7082A-9A1B-4A6A-BC2F-A213AB7206A5}.Release|Any CPU.Build.0 = Release|Any CPU
		{B238DC0E-8744-42E1-B60F-CF1D499A2E6F}.Debug|Any CPU.ActiveCfg = Debug|Any CPU
		{B238DC0E-8744-42E1-B60F-CF1D499A2E6F}.Debug|Any CPU.Build.0 = Debug|Any CPU
		{B238DC0E-8744-42E1-B60F-CF1D499A2E6F}.Release|Any CPU.ActiveCfg = Release|Any CPU
		{B238DC0E-8744-42E1-B60F-CF1D499A2E6F}.Release|Any CPU.Build.0 = Release|Any CPU
		{39AF0CA1-BA23-4048-9612-8AD20F7DA8CC}.Debug|Any CPU.ActiveCfg = Debug|Any CPU
		{39AF0CA1-BA23-4048-9612-8AD20F7DA8CC}.Debug|Any CPU.Build.0 = Debug|Any CPU
		{39AF0CA1-BA23-4048-9612-8AD20F7DA8CC}.Release|Any CPU.ActiveCfg = Release|Any CPU
		{39AF0CA1-BA23-4048-9612-8AD20F7DA8CC}.Release|Any CPU.Build.0 = Release|Any CPU
		{C9C3806E-E878-4223-8639-14D3788D8EC1}.Debug|Any CPU.ActiveCfg = Debug|Any CPU
		{C9C3806E-E878-4223-8639-14D3788D8EC1}.Debug|Any CPU.Build.0 = Debug|Any CPU
		{C9C3806E-E878-4223-8639-14D3788D8EC1}.Release|Any CPU.ActiveCfg = Release|Any CPU
		{C9C3806E-E878-4223-8639-14D3788D8EC1}.Release|Any CPU.Build.0 = Release|Any CPU
	EndGlobalSection
	GlobalSection(SolutionProperties) = preSolution
		HideSolutionNode = FALSE
	EndGlobalSection
	GlobalSection(NestedProjects) = preSolution
		{9007DD22-50A2-4904-8FFC-9ADB4CBE1975} = {E64CB7CD-73BE-453B-9341-91F678134B0C}
		{19E6EFC0-DE93-408F-9874-7937CCD42B3D} = {E64CB7CD-73BE-453B-9341-91F678134B0C}
		{7A0EF2CE-69EF-43F5-A9C1-79F57160BD01} = {E64CB7CD-73BE-453B-9341-91F678134B0C}
		{DB76A81A-495B-42DB-B767-49516B38F4F8} = {94D9EB79-6B34-49B9-88FF-60F47D6B9F98}
		{34C12340-A2A2-46D4-9678-F5683A3D300D} = {19E6EFC0-DE93-408F-9874-7937CCD42B3D}
		{2B5C09C8-DE95-408C-8CA2-ACD720483A84} = {19E6EFC0-DE93-408F-9874-7937CCD42B3D}
		{816C386C-8FDA-413E-85F5-4CE33F6954A9} = {E64CB7CD-73BE-453B-9341-91F678134B0C}
		{0E3FB919-7BA4-477A-8BE5-A5F0C1BC47A8} = {9007DD22-50A2-4904-8FFC-9ADB4CBE1975}
		{9C1014FB-3A8B-4A57-A543-E11BD954852D} = {9007DD22-50A2-4904-8FFC-9ADB4CBE1975}
		{DCC055C3-A8D3-472A-8534-CE48E86ED9D5} = {9007DD22-50A2-4904-8FFC-9ADB4CBE1975}
		{12E2034F-E8A6-4215-B055-B7C3A5B0497A} = {9007DD22-50A2-4904-8FFC-9ADB4CBE1975}
		{315DC204-C747-4826-95FD-2BEBAAE5ABE0} = {9007DD22-50A2-4904-8FFC-9ADB4CBE1975}
		{3CB3058F-B8BD-4934-B1EB-1C36A72E37DF} = {9007DD22-50A2-4904-8FFC-9ADB4CBE1975}
		{2F935A9C-FD9B-444C-BA89-DBFB7B373A0A} = {9007DD22-50A2-4904-8FFC-9ADB4CBE1975}
		{A2E3C1EB-81F0-4A21-9E89-33F5E4772975} = {9007DD22-50A2-4904-8FFC-9ADB4CBE1975}
		{B1E3BCB5-69B9-4EC0-A4AE-F7A7AC633093} = {9007DD22-50A2-4904-8FFC-9ADB4CBE1975}
		{2522AEF1-0D21-4D01-9561-E7C5AA1FEC81} = {7A0EF2CE-69EF-43F5-A9C1-79F57160BD01}
		{310B913A-1A2E-4048-B6CE-EF1794139652} = {7A0EF2CE-69EF-43F5-A9C1-79F57160BD01}
		{B9B374BC-02B2-4F5D-81FA-FB82FC5E797F} = {7A0EF2CE-69EF-43F5-A9C1-79F57160BD01}
		{40A7082A-9A1B-4A6A-BC2F-A213AB7206A5} = {7A0EF2CE-69EF-43F5-A9C1-79F57160BD01}
		{B238DC0E-8744-42E1-B60F-CF1D499A2E6F} = {7A0EF2CE-69EF-43F5-A9C1-79F57160BD01}
		{39AF0CA1-BA23-4048-9612-8AD20F7DA8CC} = {7A0EF2CE-69EF-43F5-A9C1-79F57160BD01}
		{C9C3806E-E878-4223-8639-14D3788D8EC1} = {E64CB7CD-73BE-453B-9341-91F678134B0C}
	EndGlobalSection
	GlobalSection(ExtensibilityGlobals) = postSolution
		SolutionGuid = {8F022833-9C96-4457-9B80-2F9F0FB52353}
	EndGlobalSection
EndGlobal
